Microsoft Visual Studio Solution File, Format Version 12.00
# Visual Studio Version 16
VisualStudioVersion = 16.0.31410.357
MinimumVisualStudioVersion = 10.0.40219.1
Project("{FAE04EC0-301F-11D3-BF4B-00C04F79EFBC}") = "CapaEntidades", "CapaEntidad\CapaEntidades.csproj", "{9238971A-8A76-4628-A3F3-FE3F6B5AEE61}"
EndProject
Project("{FAE04EC0-301F-11D3-BF4B-00C04F79EFBC}") = "CapaNegocios", "CapaNegocio\CapaNegocios.csproj", "{15FE1AD6-5ED4-47AD-9172-0183B5D8FA1E}"
EndProject
Project("{FAE04EC0-301F-11D3-BF4B-00C04F79EFBC}") = "CapaDatos", "CapaDatos\CapaDatos.csproj", "{5F4DC1D5-6E01-4438-A2DF-D1CAA6D14FFC}"
EndProject
Project("{FAE04EC0-301F-11D3-BF4B-00C04F79EFBC}") = "CapaPresentaciones", "CapaPresentaciones\CapaPresentaciones.csproj", "{CA84E170-CAA6-4553-87A0-38A8637D83B1}"
EndProject
Project("{2150E333-8FDC-42A3-9474-1A3956D46DE8}") = "Solution Items", "Solution Items", "{E1044991-CB7B-447D-95AF-FB78209E11E7}"
	ProjectSection(SolutionItems) = preProject
		CapaPresentaciones\P_TablaTutores.Designer.cs = CapaPresentaciones\P_TablaTutores.Designer.cs
	EndProjectSection
EndProject
Project("{FAE04EC0-301F-11D3-BF4B-00C04F79EFBC}") = "PruebasUnitarias", "PruebasUnitarias\PruebasUnitarias.csproj", "{53589310-B538-4579-854C-BB95B7506B89}"
EndProject
Global
	GlobalSection(SolutionConfigurationPlatforms) = preSolution
		Debug|Any CPU = Debug|Any CPU
		Release|Any CPU = Release|Any CPU
	EndGlobalSection
	GlobalSection(ProjectConfigurationPlatforms) = postSolution
		{9238971A-8A76-4628-A3F3-FE3F6B5AEE61}.Debug|Any CPU.ActiveCfg = Debug|Any CPU
		{9238971A-8A76-4628-A3F3-FE3F6B5AEE61}.Debug|Any CPU.Build.0 = Debug|Any CPU
		{9238971A-8A76-4628-A3F3-FE3F6B5AEE61}.Release|Any CPU.ActiveCfg = Release|Any CPU
		{9238971A-8A76-4628-A3F3-FE3F6B5AEE61}.Release|Any CPU.Build.0 = Release|Any CPU
		{15FE1AD6-5ED4-47AD-9172-0183B5D8FA1E}.Debug|Any CPU.ActiveCfg = Debug|Any CPU
		{15FE1AD6-5ED4-47AD-9172-0183B5D8FA1E}.Debug|Any CPU.Build.0 = Debug|Any CPU
		{15FE1AD6-5ED4-47AD-9172-0183B5D8FA1E}.Release|Any CPU.ActiveCfg = Release|Any CPU
		{15FE1AD6-5ED4-47AD-9172-0183B5D8FA1E}.Release|Any CPU.Build.0 = Release|Any CPU
		{5F4DC1D5-6E01-4438-A2DF-D1CAA6D14FFC}.Debug|Any CPU.ActiveCfg = Debug|Any CPU
		{5F4DC1D5-6E01-4438-A2DF-D1CAA6D14FFC}.Debug|Any CPU.Build.0 = Debug|Any CPU
		{5F4DC1D5-6E01-4438-A2DF-D1CAA6D14FFC}.Release|Any CPU.ActiveCfg = Release|Any CPU
		{5F4DC1D5-6E01-4438-A2DF-D1CAA6D14FFC}.Release|Any CPU.Build.0 = Release|Any CPU
		{CA84E170-CAA6-4553-87A0-38A8637D83B1}.Debug|Any CPU.ActiveCfg = Debug|Any CPU
		{CA84E170-CAA6-4553-87A0-38A8637D83B1}.Debug|Any CPU.Build.0 = Debug|Any CPU
		{CA84E170-CAA6-4553-87A0-38A8637D83B1}.Release|Any CPU.ActiveCfg = Release|Any CPU
		{CA84E170-CAA6-4553-87A0-38A8637D83B1}.Release|Any CPU.Build.0 = Release|Any CPU
		{53589310-B538-4579-854C-BB95B7506B89}.Debug|Any CPU.ActiveCfg = Debug|Any CPU
		{53589310-B538-4579-854C-BB95B7506B89}.Debug|Any CPU.Build.0 = Debug|Any CPU
		{53589310-B538-4579-854C-BB95B7506B89}.Release|Any CPU.ActiveCfg = Release|Any CPU
		{53589310-B538-4579-854C-BB95B7506B89}.Release|Any CPU.Build.0 = Release|Any CPU
	EndGlobalSection
	GlobalSection(SolutionProperties) = preSolution
		HideSolutionNode = FALSE
	EndGlobalSection
	GlobalSection(ExtensibilityGlobals) = postSolution
		SolutionGuid = {DBED7E93-B522-4C38-A6C6-1EE84644E7C6}
	EndGlobalSection
EndGlobal
